// !$*UTF8*$!
{
	archiveVersion = 1;
	classes = {
	};
	objectVersion = 50;
	objects = {

/* Begin PBXBuildFile section */
		254195D221B5D8AA00C1B762 /* AppDelegate.swift in Sources */ = {isa = PBXBuildFile; fileRef = 254195D121B5D8AA00C1B762 /* AppDelegate.swift */; };
		254195D421B5D8AA00C1B762 /* TodoListViewController.swift in Sources */ = {isa = PBXBuildFile; fileRef = 254195D321B5D8AA00C1B762 /* TodoListViewController.swift */; };
		254195D721B5D8AA00C1B762 /* Main.storyboard in Resources */ = {isa = PBXBuildFile; fileRef = 254195D521B5D8AA00C1B762 /* Main.storyboard */; };
		254195D921B5D8AB00C1B762 /* Assets.xcassets in Resources */ = {isa = PBXBuildFile; fileRef = 254195D821B5D8AB00C1B762 /* Assets.xcassets */; };
		254195DC21B5D8AB00C1B762 /* LaunchScreen.storyboard in Resources */ = {isa = PBXBuildFile; fileRef = 254195DA21B5D8AB00C1B762 /* LaunchScreen.storyboard */; };
		25AA513721B96DB400430E7B /* Item.swift in Sources */ = {isa = PBXBuildFile; fileRef = 25AA513621B96DB400430E7B /* Item.swift */; };
/* End PBXBuildFile section */

/* Begin PBXFileReference section */
		254195CE21B5D8AA00C1B762 /* Todoey.app */ = {isa = PBXFileReference; explicitFileType = wrapper.application; includeInIndex = 0; path = Todoey.app; sourceTree = BUILT_PRODUCTS_DIR; };
		254195D121B5D8AA00C1B762 /* AppDelegate.swift */ = {isa = PBXFileReference; lastKnownFileType = sourcecode.swift; path = AppDelegate.swift; sourceTree = "<group>"; };
		254195D321B5D8AA00C1B762 /* TodoListViewController.swift */ = {isa = PBXFileReference; lastKnownFileType = sourcecode.swift; path = TodoListViewController.swift; sourceTree = "<group>"; };
		254195D621B5D8AA00C1B762 /* Base */ = {isa = PBXFileReference; lastKnownFileType = file.storyboard; name = Base; path = Base.lproj/Main.storyboard; sourceTree = "<group>"; };
		254195D821B5D8AB00C1B762 /* Assets.xcassets */ = {isa = PBXFileReference; lastKnownFileType = folder.assetcatalog; path = Assets.xcassets; sourceTree = "<group>"; };
		254195DB21B5D8AB00C1B762 /* Base */ = {isa = PBXFileReference; lastKnownFileType = file.storyboard; name = Base; path = Base.lproj/LaunchScreen.storyboard; sourceTree = "<group>"; };
		254195DD21B5D8AB00C1B762 /* Info.plist */ = {isa = PBXFileReference; lastKnownFileType = text.plist.xml; path = Info.plist; sourceTree = "<group>"; };
		25AA513621B96DB400430E7B /* Item.swift */ = {isa = PBXFileReference; lastKnownFileType = sourcecode.swift; path = Item.swift; sourceTree = "<group>"; };
/* End PBXFileReference section */

/* Begin PBXFrameworksBuildPhase section */
		254195CB21B5D8AA00C1B762 /* Frameworks */ = {
			isa = PBXFrameworksBuildPhase;
			buildActionMask = 2147483647;
			files = (
			);
			runOnlyForDeploymentPostprocessing = 0;
		};
/* End PBXFrameworksBuildPhase section */

/* Begin PBXGroup section */
		254195C521B5D8AA00C1B762 = {
			isa = PBXGroup;
			children = (
				254195D021B5D8AA00C1B762 /* Todoey */,
				254195CF21B5D8AA00C1B762 /* Products */,
			);
			sourceTree = "<group>";
		};
		254195CF21B5D8AA00C1B762 /* Products */ = {
			isa = PBXGroup;
			children = (
				254195CE21B5D8AA00C1B762 /* Todoey.app */,
			);
			name = Products;
			sourceTree = "<group>";
		};
		254195D021B5D8AA00C1B762 /* Todoey */ = {
			isa = PBXGroup;
			children = (
				254195D121B5D8AA00C1B762 /* AppDelegate.swift */,
				25AA513921B96E4E00430E7B /* Controllers */,
				25AA513821B96E2E00430E7B /* Data Model */,
				25AA513A21B96E5A00430E7B /* Views */,
				25AA513B21B96E7800430E7B /* Supporting Files */,
				254195DD21B5D8AB00C1B762 /* Info.plist */,
			);
			path = Todoey;
			sourceTree = "<group>";
		};
		25AA513821B96E2E00430E7B /* Data Model */ = {
			isa = PBXGroup;
			children = (
				25AA513621B96DB400430E7B /* Item.swift */,
			);
			path = "Data Model";
			sourceTree = "<group>";
		};
		25AA513921B96E4E00430E7B /* Controllers */ = {
			isa = PBXGroup;
			children = (
				254195D321B5D8AA00C1B762 /* TodoListViewController.swift */,
			);
			path = Controllers;
			sourceTree = "<group>";
		};
		25AA513A21B96E5A00430E7B /* Views */ = {
			isa = PBXGroup;
			children = (
				254195D521B5D8AA00C1B762 /* Main.storyboard */,
			);
			path = Views;
			sourceTree = "<group>";
		};
		25AA513B21B96E7800430E7B /* Supporting Files */ = {
			isa = PBXGroup;
			children = (
				254195D821B5D8AB00C1B762 /* Assets.xcassets */,
				254195DA21B5D8AB00C1B762 /* LaunchScreen.storyboard */,
			);
			path = "Supporting Files";
			sourceTree = "<group>";
		};
/* End PBXGroup section */

/* Begin PBXNativeTarget section */
		254195CD21B5D8AA00C1B762 /* Todoey */ = {
			isa = PBXNativeTarget;
			buildConfigurationList = 254195E021B5D8AB00C1B762 /* Build configuration list for PBXNativeTarget "Todoey" */;
			buildPhases = (
				254195CA21B5D8AA00C1B762 /* Sources */,
				254195CB21B5D8AA00C1B762 /* Frameworks */,
				254195CC21B5D8AA00C1B762 /* Resources */,
			);
			buildRules = (
			);
			dependencies = (
			);
			name = Todoey;
			productName = Todoey;
			productReference = 254195CE21B5D8AA00C1B762 /* Todoey.app */;
			productType = "com.apple.product-type.application";
		};
/* End PBXNativeTarget section */

/* Begin PBXProject section */
		254195C621B5D8AA00C1B762 /* Project object */ = {
			isa = PBXProject;
			attributes = {
				LastSwiftUpdateCheck = 1010;
				LastUpgradeCheck = 1010;
				ORGANIZATIONNAME = "Scott Cowie";
				TargetAttributes = {
					254195CD21B5D8AA00C1B762 = {
						CreatedOnToolsVersion = 10.1;
					};
				};
			};
			buildConfigurationList = 254195C921B5D8AA00C1B762 /* Build configuration list for PBXProject "Todoey" */;
			compatibilityVersion = "Xcode 9.3";
			developmentRegion = en;
			hasScannedForEncodings = 0;
			knownRegions = (
				en,
				Base,
			);
			mainGroup = 254195C521B5D8AA00C1B762;
			productRefGroup = 254195CF21B5D8AA00C1B762 /* Products */;
			projectDirPath = "";
			projectRoot = "";
			targets = (
				254195CD21B5D8AA00C1B762 /* Todoey */,
			);
		};
/* End PBXProject section */

/* Begin PBXResourcesBuildPhase section */
		254195CC21B5D8AA00C1B762 /* Resources */ = {
			isa = PBXResourcesBuildPhase;
			buildActionMask = 2147483647;
			files = (
				254195DC21B5D8AB00C1B762 /* LaunchScreen.storyboard in Resources */,
				254195D921B5D8AB00C1B762 /* Assets.xcassets in Resources */,
				254195D721B5D8AA00C1B762 /* Main.storyboard in Resources */,
			);
			runOnlyForDeploymentPostprocessing = 0;
		};
/* End PBXResourcesBuildPhase section */

/* Begin PBXSourcesBuildPhase section */
		254195CA21B5D8AA00C1B762 /* Sources */ = {
			isa = PBXSourcesBuildPhase;
			buildActionMask = 2147483647;
			files = (
				254195D421B5D8AA00C1B762 /* TodoListViewController.swift in Sources */,
				25AA513721B96DB400430E7B /* Item.swift in Sources */,
				254195D221B5D8AA00C1B762 /* AppDelegate.swift in Sources */,
			);
			runOnlyForDeploymentPostprocessing = 0;
		};
/* End PBXSourcesBuildPhase section */

/* Begin PBXVariantGroup section */
		254195D521B5D8AA00C1B762 /* Main.storyboard */ = {
			isa = PBXVariantGroup;
			children = (
				254195D621B5D8AA00C1B762 /* Base */,
			);
			name = Main.storyboard;
			sourceTree = "<group>";
		};
		254195DA21B5D8AB00C1B762 /* LaunchScreen.storyboard */ = {
			isa = PBXVariantGroup;
			children = (
				254195DB21B5D8AB00C1B762 /* Base */,
			);
			name = LaunchScreen.storyboard;
			sourceTree = "<group>";
		};
/* End PBXVariantGroup section */

/* Begin XCBuildConfiguration section */
		254195DE21B5D8AB00C1B762 /* Debug */ = {
			isa = XCBuildConfiguration;
			buildSettings = {
				ALWAYS_SEARCH_USER_PATHS = NO;
				CLANG_ANALYZER_NONNULL = YES;
				CLANG_ANALYZER_NUMBER_OBJECT_CONVERSION = YES_AGGRESSIVE;
				CLANG_CXX_LANGUAGE_STANDARD = "gnu++14";
				CLANG_CXX_LIBRARY = "libc++";
				CLANG_ENABLE_MODULES = YES;
				CLANG_ENABLE_OBJC_ARC = YES;
				CLANG_ENABLE_OBJC_WEAK = YES;
				CLANG_WARN_BLOCK_CAPTURE_AUTORELEASING = YES;
				CLANG_WARN_BOOL_CONVERSION = YES;
				CLANG_WARN_COMMA = YES;
				CLANG_WARN_CONSTANT_CONVERSION = YES;
				CLANG_WARN_DEPRECATED_OBJC_IMPLEMENTATIONS = YES;
				CLANG_WARN_DIRECT_OBJC_ISA_USAGE = YES_ERROR;
				CLANG_WARN_DOCUMENTATION_COMMENTS = YES;
				CLANG_WARN_EMPTY_BODY = YES;
				CLANG_WARN_ENUM_CONVERSION = YES;
				CLANG_WARN_INFINITE_RECURSION = YES;
				CLANG_WARN_INT_CONVERSION = YES;
				CLANG_WARN_NON_LITERAL_NULL_CONVERSION = YES;
				CLANG_WARN_OBJC_IMPLICIT_RETAIN_SELF = YES;
				CLANG_WARN_OBJC_LITERAL_CONVERSION = YES;
				CLANG_WARN_OBJC_ROOT_CLASS = YES_ERROR;
				CLANG_WARN_RANGE_LOOP_ANALYSIS = YES;
				CLANG_WARN_STRICT_PROTOTYPES = YES;
				CLANG_WARN_SUSPICIOUS_MOVE = YES;
				CLANG_WARN_UNGUARDED_AVAILABILITY = YES_AGGRESSIVE;
				CLANG_WARN_UNREACHABLE_CODE = YES;
				CLANG_WARN__DUPLICATE_METHOD_MATCH = YES;
				CODE_SIGN_IDENTITY = "iPhone Developer";
				COPY_PHASE_STRIP = NO;
				DEBUG_INFORMATION_FORMAT = dwarf;
				ENABLE_STRICT_OBJC_MSGSEND = YES;
				ENABLE_TESTABILITY = YES;
				GCC_C_LANGUAGE_STANDARD = gnu11;
				GCC_DYNAMIC_NO_PIC = NO;
				GCC_NO_COMMON_BLOCKS = YES;
				GCC_OPTIMIZATION_LEVEL = 0;
				GCC_PREPROCESSOR_DEFINITIONS = (
					"DEBUG=1",
					"$(inherited)",
				);
				GCC_WARN_64_TO_32_BIT_CONVERSION = YES;
				GCC_WARN_ABOUT_RETURN_TYPE = YES_ERROR;
				GCC_WARN_UNDECLARED_SELECTOR = YES;
				GCC_WARN_UNINITIALIZED_AUTOS = YES_AGGRESSIVE;
				GCC_WARN_UNUSED_FUNCTION = YES;
				GCC_WARN_UNUSED_VARIABLE = YES;
				IPHONEOS_DEPLOYMENT_TARGET = 12.1;
				MTL_ENABLE_DEBUG_INFO = INCLUDE_SOURCE;
				MTL_FAST_MATH = YES;
				ONLY_ACTIVE_ARCH = YES;
				SDKROOT = iphoneos;
				SWIFT_ACTIVE_COMPILATION_CONDITIONS = DEBUG;
				SWIFT_OPTIMIZATION_LEVEL = "-Onone";
			};
			name = Debug;
		};
		254195DF21B5D8AB00C1B762 /* Release */ = {
			isa = XCBuildConfiguration;
			buildSettings = {
				ALWAYS_SEARCH_USER_PATHS = NO;
				CLANG_ANALYZER_NONNULL = YES;
				CLANG_ANALYZER_NUMBER_OBJECT_CONVERSION = YES_AGGRESSIVE;
				CLANG_CXX_LANGUAGE_STANDARD = "gnu++14";
				CLANG_CXX_LIBRARY = "libc++";
				CLANG_ENABLE_MODULES = YES;
				CLANG_ENABLE_OBJC_ARC = YES;
				CLANG_ENABLE_OBJC_WEAK = YES;
				CLANG_WARN_BLOCK_CAPTURE_AUTORELEASING = YES;
				CLANG_WARN_BOOL_CONVERSION = YES;
				CLANG_WARN_COMMA = YES;
				CLANG_WARN_CONSTANT_CONVERSION = YES;
				CLANG_WARN_DEPRECATED_OBJC_IMPLEMENTATIONS = YES;
				CLANG_WARN_DIRECT_OBJC_ISA_USAGE = YES_ERROR;
				CLANG_WARN_DOCUMENTATION_COMMENTS = YES;
				CLANG_WARN_EMPTY_BODY = YES;
				CLANG_WARN_ENUM_CONVERSION = YES;
				CLANG_WARN_INFINITE_RECURSION = YES;
				CLANG_WARN_INT_CONVERSION = YES;
				CLANG_WARN_NON_LITERAL_NULL_CONVERSION = YES;
				CLANG_WARN_OBJC_IMPLICIT_RETAIN_SELF = YES;
				CLANG_WARN_OBJC_LITERAL_CONVERSION = YES;
				CLANG_WARN_OBJC_ROOT_CLASS = YES_ERROR;
				CLANG_WARN_RANGE_LOOP_ANALYSIS = YES;
				CLANG_WARN_STRICT_PROTOTYPES = YES;
				CLANG_WARN_SUSPICIOUS_MOVE = YES;
				CLANG_WARN_UNGUARDED_AVAILABILITY = YES_AGGRESSIVE;
				CLANG_WARN_UNREACHABLE_CODE = YES;
				CLANG_WARN__DUPLICATE_METHOD_MATCH = YES;
				CODE_SIGN_IDENTITY = "iPhone Developer";
				COPY_PHASE_STRIP = NO;
				DEBUG_INFORMATION_FORMAT = "dwarf-with-dsym";
				ENABLE_NS_ASSERTIONS = NO;
				ENABLE_STRICT_OBJC_MSGSEND = YES;
				GCC_C_LANGUAGE_STANDARD = gnu11;
				GCC_NO_COMMON_BLOCKS = YES;
				GCC_WARN_64_TO_32_BIT_CONVERSION = YES;
				GCC_WARN_ABOUT_RETURN_TYPE = YES_ERROR;
				GCC_WARN_UNDECLARED_SELECTOR = YES;
				GCC_WARN_UNINITIALIZED_AUTOS = YES_AGGRESSIVE;
				GCC_WARN_UNUSED_FUNCTION = YES;
				GCC_WARN_UNUSED_VARIABLE = YES;
				IPHONEOS_DEPLOYMENT_TARGET = 12.1;
				MTL_ENABLE_DEBUG_INFO = NO;
				MTL_FAST_MATH = YES;
				SDKROOT = iphoneos;
				SWIFT_COMPILATION_MODE = wholemodule;
				SWIFT_OPTIMIZATION_LEVEL = "-O";
				VALIDATE_PRODUCT = YES;
			};
			name = Release;
		};
		254195E121B5D8AB00C1B762 /* Debug */ = {
			isa = XCBuildConfiguration;
			buildSettings = {
				ASSETCATALOG_COMPILER_APPICON_NAME = AppIcon;
				CODE_SIGN_STYLE = Automatic;
				DEVELOPMENT_TEAM = 98D4YWJ44H;
				INFOPLIST_FILE = Todoey/Info.plist;
				LD_RUNPATH_SEARCH_PATHS = (
					"$(inherited)",
					"@executable_path/Frameworks",
				);
				PRODUCT_BUNDLE_IDENTIFIER = net.visualdesignmedia.Todoey;
				PRODUCT_NAME = "$(TARGET_NAME)";
				SWIFT_VERSION = 4.2;
				TARGETED_DEVICE_FAMILY = "1,2";
			};
			name = Debug;
		};
		254195E221B5D8AB00C1B762 /* Release */ = {
			isa = XCBuildConfiguration;
			buildSettings = {
				ASSETCATALOG_COMPILER_APPICON_NAME = AppIcon;
				CODE_SIGN_STYLE = Automatic;
				DEVELOPMENT_TEAM = 98D4YWJ44H;
				INFOPLIST_FILE = Todoey/Info.plist;
				LD_RUNPATH_SEARCH_PATHS = (
					"$(inherited)",
					"@executable_path/Frameworks",
				);
				PRODUCT_BUNDLE_IDENTIFIER = net.visualdesignmedia.Todoey;
				PRODUCT_NAME = "$(TARGET_NAME)";
				SWIFT_VERSION = 4.2;
				TARGETED_DEVICE_FAMILY = "1,2";
			};
			name = Release;
		};
/* End XCBuildConfiguration section */

/* Begin XCConfigurationList section */
		254195C921B5D8AA00C1B762 /* Build configuration list for PBXProject "Todoey" */ = {
			isa = XCConfigurationList;
			buildConfigurations = (
				254195DE21B5D8AB00C1B762 /* Debug */,
				254195DF21B5D8AB00C1B762 /* Release */,
			);
			defaultConfigurationIsVisible = 0;
			defaultConfigurationName = Release;
		};
		254195E021B5D8AB00C1B762 /* Build configuration list for PBXNativeTarget "Todoey" */ = {
			isa = XCConfigurationList;
			buildConfigurations = (
				254195E121B5D8AB00C1B762 /* Debug */,
				254195E221B5D8AB00C1B762 /* Release */,
			);
			defaultConfigurationIsVisible = 0;
			defaultConfigurationName = Release;
		};
/* End XCConfigurationList section */
	};
	rootObject = 254195C621B5D8AA00C1B762 /* Project object */;
}
